// !$*UTF8*$!
{
	archiveVersion = 1;
	classes = {
	};
	objectVersion = 46;
	objects = {

/* Begin PBXBuildFile section */
		E6998C731B6852BE0018AFFC /* FABAsyncOperation.h in Headers */ = {isa = PBXBuildFile; fileRef = E6998C721B6852BE0018AFFC /* FABAsyncOperation.h */; };
		E6998C791B6852BE0018AFFC /* FABOperation.framework in Frameworks */ = {isa = PBXBuildFile; fileRef = E6998C6D1B6852BE0018AFFC /* FABOperation.framework */; };
		E6998C801B6852BE0018AFFC /* FABOperationTests.m in Sources */ = {isa = PBXBuildFile; fileRef = E6998C7F1B6852BE0018AFFC /* FABOperationTests.m */; };
		E6998C8E1B6852DA0018AFFC /* FABAsyncOperation_Private.h in Headers */ = {isa = PBXBuildFile; fileRef = E6998C891B6852DA0018AFFC /* FABAsyncOperation_Private.h */; };
		E6998C8F1B6852DA0018AFFC /* FABAsyncOperation.m in Sources */ = {isa = PBXBuildFile; fileRef = E6998C8A1B6852DA0018AFFC /* FABAsyncOperation.m */; };
		E6998C901B6852DA0018AFFC /* FABCompoundOperation.h in Headers */ = {isa = PBXBuildFile; fileRef = E6998C8B1B6852DA0018AFFC /* FABCompoundOperation.h */; };
		E6998C911B6852DA0018AFFC /* FABCompoundOperation.m in Sources */ = {isa = PBXBuildFile; fileRef = E6998C8C1B6852DA0018AFFC /* FABCompoundOperation.m */; };
		E6998C921B6852DA0018AFFC /* FABQueueAwareOperation.h in Headers */ = {isa = PBXBuildFile; fileRef = E6998C8D1B6852DA0018AFFC /* FABQueueAwareOperation.h */; };
		E6A2960C1C10D35200F82D06 /* FABAsyncOperation.m in Sources */ = {isa = PBXBuildFile; fileRef = E6998C8A1B6852DA0018AFFC /* FABAsyncOperation.m */; };
		E6A2960D1C10D35400F82D06 /* FABCompoundOperation.m in Sources */ = {isa = PBXBuildFile; fileRef = E6998C8C1B6852DA0018AFFC /* FABCompoundOperation.m */; };
		E6CD308E1C1A040500EAD3B2 /* FABOperation.h in Headers */ = {isa = PBXBuildFile; fileRef = E6CD308D1C1A040500EAD3B2 /* FABOperation.h */; settings = {ATTRIBUTES = (Public, ); }; };
/* End PBXBuildFile section */

/* Begin PBXContainerItemProxy section */
		E6998C7A1B6852BE0018AFFC /* PBXContainerItemProxy */ = {
			isa = PBXContainerItemProxy;
			containerPortal = E6998C641B6852BE0018AFFC /* Project object */;
			proxyType = 1;
			remoteGlobalIDString = E6998C6C1B6852BE0018AFFC;
			remoteInfo = CLSAsyncOperation;
		};
/* End PBXContainerItemProxy section */

/* Begin PBXFileReference section */
		E6998C6D1B6852BE0018AFFC /* FABOperation.framework */ = {isa = PBXFileReference; explicitFileType = wrapper.framework; includeInIndex = 0; path = FABOperation.framework; sourceTree = BUILT_PRODUCTS_DIR; };
		E6998C711B6852BE0018AFFC /* Info.plist */ = {isa = PBXFileReference; lastKnownFileType = text.plist.xml; path = Info.plist; sourceTree = "<group>"; };
		E6998C721B6852BE0018AFFC /* FABAsyncOperation.h */ = {isa = PBXFileReference; lastKnownFileType = sourcecode.c.h; path = FABAsyncOperation.h; sourceTree = "<group>"; };
		E6998C781B6852BE0018AFFC /* FABOperation.xctest */ = {isa = PBXFileReference; explicitFileType = wrapper.cfbundle; includeInIndex = 0; path = FABOperation.xctest; sourceTree = BUILT_PRODUCTS_DIR; };
		E6998C7E1B6852BE0018AFFC /* Info.plist */ = {isa = PBXFileReference; lastKnownFileType = text.plist.xml; path = Info.plist; sourceTree = "<group>"; };
		E6998C7F1B6852BE0018AFFC /* FABOperationTests.m */ = {isa = PBXFileReference; lastKnownFileType = sourcecode.c.objc; path = FABOperationTests.m; sourceTree = "<group>"; };
		E6998C891B6852DA0018AFFC /* FABAsyncOperation_Private.h */ = {isa = PBXFileReference; fileEncoding = 4; lastKnownFileType = sourcecode.c.h; path = FABAsyncOperation_Private.h; sourceTree = "<group>"; };
		E6998C8A1B6852DA0018AFFC /* FABAsyncOperation.m */ = {isa = PBXFileReference; fileEncoding = 4; lastKnownFileType = sourcecode.c.objc; path = FABAsyncOperation.m; sourceTree = "<group>"; };
		E6998C8B1B6852DA0018AFFC /* FABCompoundOperation.h */ = {isa = PBXFileReference; fileEncoding = 4; lastKnownFileType = sourcecode.c.h; path = FABCompoundOperation.h; sourceTree = "<group>"; };
		E6998C8C1B6852DA0018AFFC /* FABCompoundOperation.m */ = {isa = PBXFileReference; fileEncoding = 4; lastKnownFileType = sourcecode.c.objc; path = FABCompoundOperation.m; sourceTree = "<group>"; };
		E6998C8D1B6852DA0018AFFC /* FABQueueAwareOperation.h */ = {isa = PBXFileReference; fileEncoding = 4; lastKnownFileType = sourcecode.c.h; path = FABQueueAwareOperation.h; sourceTree = "<group>"; };
		E6A296031C10D33800F82D06 /* FABOperation.a */ = {isa = PBXFileReference; explicitFileType = archive.ar; includeInIndex = 0; path = FABOperation.a; sourceTree = BUILT_PRODUCTS_DIR; };
		E6CD308D1C1A040500EAD3B2 /* FABOperation.h */ = {isa = PBXFileReference; fileEncoding = 4; lastKnownFileType = sourcecode.c.h; path = FABOperation.h; sourceTree = "<group>"; };
/* End PBXFileReference section */

/* Begin PBXFrameworksBuildPhase section */
		E6998C691B6852BE0018AFFC /* Frameworks */ = {
			isa = PBXFrameworksBuildPhase;
			buildActionMask = 2147483647;
			files = (
			);
			runOnlyForDeploymentPostprocessing = 0;
		};
		E6998C751B6852BE0018AFFC /* Frameworks */ = {
			isa = PBXFrameworksBuildPhase;
			buildActionMask = 2147483647;
			files = (
				E6998C791B6852BE0018AFFC /* FABOperation.framework in Frameworks */,
			);
			runOnlyForDeploymentPostprocessing = 0;
		};
		E6A296001C10D33800F82D06 /* Frameworks */ = {
			isa = PBXFrameworksBuildPhase;
			buildActionMask = 2147483647;
			files = (
			);
			runOnlyForDeploymentPostprocessing = 0;
		};
/* End PBXFrameworksBuildPhase section */

/* Begin PBXGroup section */
		E6998C631B6852BE0018AFFC = {
			isa = PBXGroup;
			children = (
				E6998C6F1B6852BE0018AFFC /* FABOperation */,
				E6998C7C1B6852BE0018AFFC /* FABOperationTests */,
				E6998C6E1B6852BE0018AFFC /* Products */,
			);
			sourceTree = "<group>";
		};
		E6998C6E1B6852BE0018AFFC /* Products */ = {
			isa = PBXGroup;
			children = (
				E6998C6D1B6852BE0018AFFC /* FABOperation.framework */,
				E6998C781B6852BE0018AFFC /* FABOperation.xctest */,
				E6A296031C10D33800F82D06 /* FABOperation.a */,
			);
			name = Products;
			sourceTree = "<group>";
		};
		E6998C6F1B6852BE0018AFFC /* FABOperation */ = {
			isa = PBXGroup;
			children = (
				E6CD308D1C1A040500EAD3B2 /* FABOperation.h */,
				E6998C721B6852BE0018AFFC /* FABAsyncOperation.h */,
				E6998C891B6852DA0018AFFC /* FABAsyncOperation_Private.h */,
				E6998C8A1B6852DA0018AFFC /* FABAsyncOperation.m */,
				E6998C8B1B6852DA0018AFFC /* FABCompoundOperation.h */,
				E6998C8C1B6852DA0018AFFC /* FABCompoundOperation.m */,
				E6998C8D1B6852DA0018AFFC /* FABQueueAwareOperation.h */,
				E6998C701B6852BE0018AFFC /* Supporting Files */,
			);
			path = FABOperation;
			sourceTree = "<group>";
		};
		E6998C701B6852BE0018AFFC /* Supporting Files */ = {
			isa = PBXGroup;
			children = (
				E6998C711B6852BE0018AFFC /* Info.plist */,
			);
			name = "Supporting Files";
			sourceTree = "<group>";
		};
		E6998C7C1B6852BE0018AFFC /* FABOperationTests */ = {
			isa = PBXGroup;
			children = (
				E6998C7F1B6852BE0018AFFC /* FABOperationTests.m */,
				E6998C7D1B6852BE0018AFFC /* Supporting Files */,
			);
			path = FABOperationTests;
			sourceTree = "<group>";
		};
		E6998C7D1B6852BE0018AFFC /* Supporting Files */ = {
			isa = PBXGroup;
			children = (
				E6998C7E1B6852BE0018AFFC /* Info.plist */,
			);
			name = "Supporting Files";
			sourceTree = "<group>";
		};
/* End PBXGroup section */

/* Begin PBXHeadersBuildPhase section */
		E6998C6A1B6852BE0018AFFC /* Headers */ = {
			isa = PBXHeadersBuildPhase;
			buildActionMask = 2147483647;
			files = (
				E6CD308E1C1A040500EAD3B2 /* FABOperation.h in Headers */,
				E6998C8E1B6852DA0018AFFC /* FABAsyncOperation_Private.h in Headers */,
				E6998C731B6852BE0018AFFC /* FABAsyncOperation.h in Headers */,
				E6998C921B6852DA0018AFFC /* FABQueueAwareOperation.h in Headers */,
				E6998C901B6852DA0018AFFC /* FABCompoundOperation.h in Headers */,
			);
			runOnlyForDeploymentPostprocessing = 0;
		};
		E6A296011C10D33800F82D06 /* Headers */ = {
			isa = PBXHeadersBuildPhase;
			buildActionMask = 2147483647;
			files = (
			);
			runOnlyForDeploymentPostprocessing = 0;
		};
/* End PBXHeadersBuildPhase section */

/* Begin PBXNativeTarget section */
		E6998C6C1B6852BE0018AFFC /* FABOperation */ = {
			isa = PBXNativeTarget;
			buildConfigurationList = E6998C831B6852BE0018AFFC /* Build configuration list for PBXNativeTarget "FABOperation" */;
			buildPhases = (
				E6998C681B6852BE0018AFFC /* Sources */,
				E6998C691B6852BE0018AFFC /* Frameworks */,
				E6998C6A1B6852BE0018AFFC /* Headers */,
				E6998C6B1B6852BE0018AFFC /* Resources */,
			);
			buildRules = (
			);
			dependencies = (
			);
			name = FABOperation;
			productName = CLSAsyncOperation;
			productReference = E6998C6D1B6852BE0018AFFC /* FABOperation.framework */;
			productType = "com.apple.product-type.framework";
		};
		E6998C771B6852BE0018AFFC /* FABOperationTests */ = {
			isa = PBXNativeTarget;
			buildConfigurationList = E6998C861B6852BE0018AFFC /* Build configuration list for PBXNativeTarget "FABOperationTests" */;
			buildPhases = (
				E6998C741B6852BE0018AFFC /* Sources */,
				E6998C751B6852BE0018AFFC /* Frameworks */,
				E6998C761B6852BE0018AFFC /* Resources */,
			);
			buildRules = (
			);
			dependencies = (
				E6998C7B1B6852BE0018AFFC /* PBXTargetDependency */,
			);
			name = FABOperationTests;
			productName = CLSAsyncOperationTests;
			productReference = E6998C781B6852BE0018AFFC /* FABOperation.xctest */;
			productType = "com.apple.product-type.bundle.unit-test";
		};
		E6A296021C10D33800F82D06 /* libFABOperation */ = {
			isa = PBXNativeTarget;
			buildConfigurationList = E6A2960B1C10D33800F82D06 /* Build configuration list for PBXNativeTarget "libFABOperation" */;
			buildPhases = (
				E6A295FF1C10D33800F82D06 /* Sources */,
				E6A296001C10D33800F82D06 /* Frameworks */,
				E6A296011C10D33800F82D06 /* Headers */,
			);
			buildRules = (
			);
			dependencies = (
			);
			name = libFABOperation;
			productName = libCLSAsyncOperation;
			productReference = E6A296031C10D33800F82D06 /* FABOperation.a */;
			productType = "com.apple.product-type.library.static";
		};
/* End PBXNativeTarget section */

/* Begin PBXProject section */
		E6998C641B6852BE0018AFFC /* Project object */ = {
			isa = PBXProject;
			attributes = {
				CLASSPREFIX = FAB;
				LastUpgradeCheck = 0710;
				ORGANIZATIONNAME = Twitter;
				TargetAttributes = {
					E6998C6C1B6852BE0018AFFC = {
						CreatedOnToolsVersion = 6.4;
					};
					E6998C771B6852BE0018AFFC = {
						CreatedOnToolsVersion = 6.4;
					};
					E6A296021C10D33800F82D06 = {
						CreatedOnToolsVersion = 7.1.1;
					};
				};
			};
			buildConfigurationList = E6998C671B6852BE0018AFFC /* Build configuration list for PBXProject "FABOperation" */;
			compatibilityVersion = "Xcode 3.2";
			developmentRegion = English;
			hasScannedForEncodings = 0;
			knownRegions = (
				en,
			);
			mainGroup = E6998C631B6852BE0018AFFC;
			productRefGroup = E6998C6E1B6852BE0018AFFC /* Products */;
			projectDirPath = "";
			projectRoot = "";
			targets = (
				E6998C6C1B6852BE0018AFFC /* FABOperation */,
				E6998C771B6852BE0018AFFC /* FABOperationTests */,
				E6A296021C10D33800F82D06 /* libFABOperation */,
			);
		};
/* End PBXProject section */

/* Begin PBXResourcesBuildPhase section */
		E6998C6B1B6852BE0018AFFC /* Resources */ = {
			isa = PBXResourcesBuildPhase;
			buildActionMask = 2147483647;
			files = (
			);
			runOnlyForDeploymentPostprocessing = 0;
		};
		E6998C761B6852BE0018AFFC /* Resources */ = {
			isa = PBXResourcesBuildPhase;
			buildActionMask = 2147483647;
			files = (
			);
			runOnlyForDeploymentPostprocessing = 0;
		};
/* End PBXResourcesBuildPhase section */

/* Begin PBXSourcesBuildPhase section */
		E6998C681B6852BE0018AFFC /* Sources */ = {
			isa = PBXSourcesBuildPhase;
			buildActionMask = 2147483647;
			files = (
				E6998C911B6852DA0018AFFC /* FABCompoundOperation.m in Sources */,
				E6998C8F1B6852DA0018AFFC /* FABAsyncOperation.m in Sources */,
			);
			runOnlyForDeploymentPostprocessing = 0;
		};
		E6998C741B6852BE0018AFFC /* Sources */ = {
			isa = PBXSourcesBuildPhase;
			buildActionMask = 2147483647;
			files = (
				E6998C801B6852BE0018AFFC /* FABOperationTests.m in Sources */,
			);
			runOnlyForDeploymentPostprocessing = 0;
		};
		E6A295FF1C10D33800F82D06 /* Sources */ = {
			isa = PBXSourcesBuildPhase;
			buildActionMask = 2147483647;
			files = (
				E6A2960C1C10D35200F82D06 /* FABAsyncOperation.m in Sources */,
				E6A2960D1C10D35400F82D06 /* FABCompoundOperation.m in Sources */,
			);
			runOnlyForDeploymentPostprocessing = 0;
		};
/* End PBXSourcesBuildPhase section */

/* Begin PBXTargetDependency section */
		E6998C7B1B6852BE0018AFFC /* PBXTargetDependency */ = {
			isa = PBXTargetDependency;
			target = E6998C6C1B6852BE0018AFFC /* FABOperation */;
			targetProxy = E6998C7A1B6852BE0018AFFC /* PBXContainerItemProxy */;
		};
/* End PBXTargetDependency section */

/* Begin XCBuildConfiguration section */
		E6998C811B6852BE0018AFFC /* Debug */ = {
			isa = XCBuildConfiguration;
			buildSettings = {
				ALWAYS_SEARCH_USER_PATHS = NO;
				CLANG_CXX_LANGUAGE_STANDARD = "gnu++0x";
				CLANG_CXX_LIBRARY = "libc++";
				CLANG_ENABLE_MODULES = YES;
				CLANG_ENABLE_OBJC_ARC = YES;
				CLANG_WARN_BOOL_CONVERSION = YES;
				CLANG_WARN_CONSTANT_CONVERSION = YES;
				CLANG_WARN_DIRECT_OBJC_ISA_USAGE = YES_ERROR;
				CLANG_WARN_EMPTY_BODY = YES;
				CLANG_WARN_ENUM_CONVERSION = YES;
				CLANG_WARN_INT_CONVERSION = YES;
				CLANG_WARN_OBJC_ROOT_CLASS = YES_ERROR;
				CLANG_WARN_UNREACHABLE_CODE = YES;
				CLANG_WARN__DUPLICATE_METHOD_MATCH = YES;
				COPY_PHASE_STRIP = NO;
				DEBUG_INFORMATION_FORMAT = dwarf;
				DYLIB_COMPATIBILITY_VERSION = 1;
				DYLIB_CURRENT_VERSION = 3;
				ENABLE_STRICT_OBJC_MSGSEND = YES;
				ENABLE_TESTABILITY = YES;
				GCC_C_LANGUAGE_STANDARD = gnu99;
				GCC_DYNAMIC_NO_PIC = NO;
				GCC_NO_COMMON_BLOCKS = YES;
				GCC_OPTIMIZATION_LEVEL = 0;
				GCC_PREPROCESSOR_DEFINITIONS = (
					"DEBUG=1",
					"$(inherited)",
				);
				GCC_SYMBOLS_PRIVATE_EXTERN = NO;
				GCC_WARN_64_TO_32_BIT_CONVERSION = YES;
				GCC_WARN_ABOUT_RETURN_TYPE = YES_ERROR;
				GCC_WARN_UNDECLARED_SELECTOR = YES;
				GCC_WARN_UNINITIALIZED_AUTOS = YES_AGGRESSIVE;
				GCC_WARN_UNUSED_FUNCTION = YES;
				GCC_WARN_UNUSED_VARIABLE = YES;
				MACOSX_DEPLOYMENT_TARGET = 10.10;
				MTL_ENABLE_DEBUG_INFO = YES;
				ONLY_ACTIVE_ARCH = YES;
				SDKROOT = macosx;
				VERSIONING_SYSTEM = "apple-generic";
			};
			name = Debug;
		};
		E6998C821B6852BE0018AFFC /* Release */ = {
			isa = XCBuildConfiguration;
			buildSettings = {
				ALWAYS_SEARCH_USER_PATHS = NO;
				CLANG_CXX_LANGUAGE_STANDARD = "gnu++0x";
				CLANG_CXX_LIBRARY = "libc++";
				CLANG_ENABLE_MODULES = YES;
				CLANG_ENABLE_OBJC_ARC = YES;
				CLANG_WARN_BOOL_CONVERSION = YES;
				CLANG_WARN_CONSTANT_CONVERSION = YES;
				CLANG_WARN_DIRECT_OBJC_ISA_USAGE = YES_ERROR;
				CLANG_WARN_EMPTY_BODY = YES;
				CLANG_WARN_ENUM_CONVERSION = YES;
				CLANG_WARN_INT_CONVERSION = YES;
				CLANG_WARN_OBJC_ROOT_CLASS = YES_ERROR;
				CLANG_WARN_UNREACHABLE_CODE = YES;
				CLANG_WARN__DUPLICATE_METHOD_MATCH = YES;
				COPY_PHASE_STRIP = NO;
				DEBUG_INFORMATION_FORMAT = "dwarf-with-dsym";
				DYLIB_COMPATIBILITY_VERSION = 1;
				DYLIB_CURRENT_VERSION = 3;
				ENABLE_NS_ASSERTIONS = NO;
				ENABLE_STRICT_OBJC_MSGSEND = YES;
				GCC_C_LANGUAGE_STANDARD = gnu99;
				GCC_NO_COMMON_BLOCKS = YES;
				GCC_WARN_64_TO_32_BIT_CONVERSION = YES;
				GCC_WARN_ABOUT_RETURN_TYPE = YES_ERROR;
				GCC_WARN_UNDECLARED_SELECTOR = YES;
				GCC_WARN_UNINITIALIZED_AUTOS = YES_AGGRESSIVE;
				GCC_WARN_UNUSED_FUNCTION = YES;
				GCC_WARN_UNUSED_VARIABLE = YES;
				MACOSX_DEPLOYMENT_TARGET = 10.10;
				MTL_ENABLE_DEBUG_INFO = NO;
				SDKROOT = macosx;
				VERSIONING_SYSTEM = "apple-generic";
			};
			name = Release;
		};
		E6998C841B6852BE0018AFFC /* Debug */ = {
			isa = XCBuildConfiguration;
			buildSettings = {
				COMBINE_HIDPI_IMAGES = YES;
				DEFINES_MODULE = YES;
				DYLIB_COMPATIBILITY_VERSION = 1;
				INFOPLIST_FILE = FABOperation/Info.plist;
				INSTALL_PATH = "$(LOCAL_LIBRARY_DIR)/Frameworks";
				LD_DYLIB_INSTALL_NAME = "@executable_path/../Frameworks/$(EXECUTABLE_PATH)";
				LD_RUNPATH_SEARCH_PATHS = "$(inherited) @executable_path/../Frameworks @loader_path/Frameworks";
				PRODUCT_BUNDLE_IDENTIFIER = "com.twitter.$(PRODUCT_NAME:rfc1034identifier)";
				PRODUCT_NAME = FABOperation;
				SKIP_INSTALL = YES;
			};
			name = Debug;
		};
		E6998C851B6852BE0018AFFC /* Release */ = {
			isa = XCBuildConfiguration;
			buildSettings = {
				COMBINE_HIDPI_IMAGES = YES;
				DEFINES_MODULE = YES;
				DYLIB_COMPATIBILITY_VERSION = 1;
				INFOPLIST_FILE = FABOperation/Info.plist;
				INSTALL_PATH = "$(LOCAL_LIBRARY_DIR)/Frameworks";
				LD_DYLIB_INSTALL_NAME = "@executable_path/../Frameworks/$(EXECUTABLE_PATH)";
				LD_RUNPATH_SEARCH_PATHS = "$(inherited) @executable_path/../Frameworks @loader_path/Frameworks";
				PRODUCT_BUNDLE_IDENTIFIER = "com.twitter.$(PRODUCT_NAME:rfc1034identifier)";
				PRODUCT_NAME = FABOperation;
				SKIP_INSTALL = YES;
			};
			name = Release;
		};
		E6998C871B6852BE0018AFFC /* Debug */ = {
			isa = XCBuildConfiguration;
			buildSettings = {
				COMBINE_HIDPI_IMAGES = YES;
				FRAMEWORK_SEARCH_PATHS = (
					"$(DEVELOPER_FRAMEWORKS_DIR)",
					"$(inherited)",
				);
				GCC_PREPROCESSOR_DEFINITIONS = (
					"DEBUG=1",
					"$(inherited)",
				);
				INFOPLIST_FILE = FABOperationTests/Info.plist;
				LD_RUNPATH_SEARCH_PATHS = "$(inherited) @executable_path/../Frameworks @loader_path/../Frameworks";
				PRODUCT_BUNDLE_IDENTIFIER = "com.twitter.$(PRODUCT_NAME:rfc1034identifier)";
				PRODUCT_NAME = FABOperation;
			};
			name = Debug;
		};
		E6998C881B6852BE0018AFFC /* Release */ = {
			isa = XCBuildConfiguration;
			buildSettings = {
				COMBINE_HIDPI_IMAGES = YES;
				FRAMEWORK_SEARCH_PATHS = (
					"$(DEVELOPER_FRAMEWORKS_DIR)",
					"$(inherited)",
				);
				INFOPLIST_FILE = FABOperationTests/Info.plist;
				LD_RUNPATH_SEARCH_PATHS = "$(inherited) @executable_path/../Frameworks @loader_path/../Frameworks";
				PRODUCT_BUNDLE_IDENTIFIER = "com.twitter.$(PRODUCT_NAME:rfc1034identifier)";
				PRODUCT_NAME = FABOperation;
			};
			name = Release;
		};
		E6A296091C10D33800F82D06 /* Debug */ = {
			isa = XCBuildConfiguration;
			buildSettings = {
				CODE_SIGN_IDENTITY = "-";
				ENABLE_TESTABILITY = YES;
				EXECUTABLE_PREFIX = "";
				MACOSX_DEPLOYMENT_TARGET = 10.11;
				PRODUCT_NAME = FABOperation;
			};
			name = Debug;
		};
		E6A2960A1C10D33800F82D06 /* Release */ = {
			isa = XCBuildConfiguration;
			buildSettings = {
				CODE_SIGN_IDENTITY = "-";
				EXECUTABLE_PREFIX = "";
				MACOSX_DEPLOYMENT_TARGET = 10.11;
				PRODUCT_NAME = FABOperation;
			};
			name = Release;
		};
/* End XCBuildConfiguration section */

/* Begin XCConfigurationList section */
		E6998C671B6852BE0018AFFC /* Build configuration list for PBXProject "FABOperation" */ = {
			isa = XCConfigurationList;
			buildConfigurations = (
				E6998C811B6852BE0018AFFC /* Debug */,
				E6998C821B6852BE0018AFFC /* Release */,
			);
			defaultConfigurationIsVisible = 0;
			defaultConfigurationName = Release;
		};
		E6998C831B6852BE0018AFFC /* Build configuration list for PBXNativeTarget "FABOperation" */ = {
			isa = XCConfigurationList;
			buildConfigurations = (
				E6998C841B6852BE0018AFFC /* Debug */,
				E6998C851B6852BE0018AFFC /* Release */,
			);
			defaultConfigurationIsVisible = 0;
			defaultConfigurationName = Release;
		};
		E6998C861B6852BE0018AFFC /* Build configuration list for PBXNativeTarget "FABOperationTests" */ = {
			isa = XCConfigurationList;
			buildConfigurations = (
				E6998C871B6852BE0018AFFC /* Debug */,
				E6998C881B6852BE0018AFFC /* Release */,
			);
			defaultConfigurationIsVisible = 0;
			defaultConfigurationName = Release;
		};
		E6A2960B1C10D33800F82D06 /* Build configuration list for PBXNativeTarget "libFABOperation" */ = {
			isa = XCConfigurationList;
			buildConfigurations = (
				E6A296091C10D33800F82D06 /* Debug */,
				E6A2960A1C10D33800F82D06 /* Release */,
			);
			defaultConfigurationIsVisible = 0;
			defaultConfigurationName = Release;
		};
/* End XCConfigurationList section */
	};
	rootObject = E6998C641B6852BE0018AFFC /* Project object */;
}
