// !$*UTF8*$!
{
	archiveVersion = 1;
	classes = {
	};
	objectVersion = 46;
	objects = {

/* Begin PBXBuildFile section */
		E67E50571C2689CE0048A75E /* FABOperationPreFlightCancellationTest.m in Sources */ = {isa = PBXBuildFile; fileRef = E67E50561C2689CE0048A75E /* FABOperationPreFlightCancellationTest.m */; };
		E67E505A1C268D130048A75E /* FABTestAsyncOperation.m in Sources */ = {isa = PBXBuildFile; fileRef = E67E50591C268D130048A75E /* FABTestAsyncOperation.m */; };
		E67E505F1C2878590048A75E /* FABTestExpectations.m in Sources */ = {isa = PBXBuildFile; fileRef = E67E505E1C2878590048A75E /* FABTestExpectations.m */; };
		E6998C731B6852BE0018AFFC /* FABAsyncOperation.h in Headers */ = {isa = PBXBuildFile; fileRef = E6998C721B6852BE0018AFFC /* FABAsyncOperation.h */; settings = {ATTRIBUTES = (Public, ); }; };
		E6998C791B6852BE0018AFFC /* FABOperation.framework in Frameworks */ = {isa = PBXBuildFile; fileRef = E6998C6D1B6852BE0018AFFC /* FABOperation.framework */; };
		E6998C801B6852BE0018AFFC /* FABOperationInFlightCancellationTest.m in Sources */ = {isa = PBXBuildFile; fileRef = E6998C7F1B6852BE0018AFFC /* FABOperationInFlightCancellationTest.m */; };
		E6998C8E1B6852DA0018AFFC /* FABAsyncOperation_Private.h in Headers */ = {isa = PBXBuildFile; fileRef = E6998C891B6852DA0018AFFC /* FABAsyncOperation_Private.h */; settings = {ATTRIBUTES = (Public, ); }; };
		E6998C8F1B6852DA0018AFFC /* FABAsyncOperation.m in Sources */ = {isa = PBXBuildFile; fileRef = E6998C8A1B6852DA0018AFFC /* FABAsyncOperation.m */; };
		E6998C901B6852DA0018AFFC /* FABCompoundOperation.h in Headers */ = {isa = PBXBuildFile; fileRef = E6998C8B1B6852DA0018AFFC /* FABCompoundOperation.h */; settings = {ATTRIBUTES = (Public, ); }; };
		E6998C911B6852DA0018AFFC /* FABCompoundOperation.m in Sources */ = {isa = PBXBuildFile; fileRef = E6998C8C1B6852DA0018AFFC /* FABCompoundOperation.m */; };
		E6A2960C1C10D35200F82D06 /* FABAsyncOperation.m in Sources */ = {isa = PBXBuildFile; fileRef = E6998C8A1B6852DA0018AFFC /* FABAsyncOperation.m */; };
		E6A2960D1C10D35400F82D06 /* FABCompoundOperation.m in Sources */ = {isa = PBXBuildFile; fileRef = E6998C8C1B6852DA0018AFFC /* FABCompoundOperation.m */; };
		E6B565711C2629E0003D4AC4 /* AppDelegate.swift in Sources */ = {isa = PBXBuildFile; fileRef = E6B565701C2629E0003D4AC4 /* AppDelegate.swift */; };
		E6B565731C2629E0003D4AC4 /* Assets.xcassets in Resources */ = {isa = PBXBuildFile; fileRef = E6B565721C2629E0003D4AC4 /* Assets.xcassets */; };
		E6B565761C2629E0003D4AC4 /* MainMenu.xib in Resources */ = {isa = PBXBuildFile; fileRef = E6B565741C2629E0003D4AC4 /* MainMenu.xib */; };
		E6B5657D1C262E6B003D4AC4 /* FABOperation.framework in Frameworks */ = {isa = PBXBuildFile; fileRef = E6998C6D1B6852BE0018AFFC /* FABOperation.framework */; };
		E6B5657E1C262E6B003D4AC4 /* FABOperation.framework in Embed Frameworks */ = {isa = PBXBuildFile; fileRef = E6998C6D1B6852BE0018AFFC /* FABOperation.framework */; settings = {ATTRIBUTES = (CodeSignOnCopy, RemoveHeadersOnCopy, ); }; };
		E6CD308E1C1A040500EAD3B2 /* FABOperation.h in Headers */ = {isa = PBXBuildFile; fileRef = E6CD308D1C1A040500EAD3B2 /* FABOperation.h */; settings = {ATTRIBUTES = (Public, ); }; };
		E6E0E9C91C3C757B00DF3D23 /* FABOperation.framework in Frameworks */ = {isa = PBXBuildFile; fileRef = E6998C6D1B6852BE0018AFFC /* FABOperation.framework */; };
		E6EC415A1C3C51D70099366E /* main.m in Sources */ = {isa = PBXBuildFile; fileRef = E6EC41591C3C51D70099366E /* main.m */; };
		E6EC415D1C3C51D70099366E /* AppDelegate.m in Sources */ = {isa = PBXBuildFile; fileRef = E6EC415C1C3C51D70099366E /* AppDelegate.m */; };
		E6EC41601C3C51D70099366E /* ViewController.m in Sources */ = {isa = PBXBuildFile; fileRef = E6EC415F1C3C51D70099366E /* ViewController.m */; };
		E6EC41631C3C51D70099366E /* Main.storyboard in Resources */ = {isa = PBXBuildFile; fileRef = E6EC41611C3C51D70099366E /* Main.storyboard */; };
		E6EC41651C3C51D70099366E /* Assets.xcassets in Resources */ = {isa = PBXBuildFile; fileRef = E6EC41641C3C51D70099366E /* Assets.xcassets */; };
		E6EC41681C3C51D70099366E /* LaunchScreen.storyboard in Resources */ = {isa = PBXBuildFile; fileRef = E6EC41661C3C51D70099366E /* LaunchScreen.storyboard */; };
		E6EC41A71C3C51FF0099366E /* main.m in Sources */ = {isa = PBXBuildFile; fileRef = E6EC41A61C3C51FF0099366E /* main.m */; };
		E6EC41AA1C3C51FF0099366E /* AppDelegate.m in Sources */ = {isa = PBXBuildFile; fileRef = E6EC41A91C3C51FF0099366E /* AppDelegate.m */; };
		E6EC41AD1C3C51FF0099366E /* ViewController.m in Sources */ = {isa = PBXBuildFile; fileRef = E6EC41AC1C3C51FF0099366E /* ViewController.m */; };
		E6EC41B01C3C51FF0099366E /* Main.storyboard in Resources */ = {isa = PBXBuildFile; fileRef = E6EC41AE1C3C51FF0099366E /* Main.storyboard */; };
		E6EC41B21C3C51FF0099366E /* Assets.xcassets in Resources */ = {isa = PBXBuildFile; fileRef = E6EC41B11C3C51FF0099366E /* Assets.xcassets */; };
		E6EC41BF1C3C520D0099366E /* AppDelegate.m in Sources */ = {isa = PBXBuildFile; fileRef = E6EC41BE1C3C520D0099366E /* AppDelegate.m */; };
		E6EC41C21C3C520D0099366E /* main.m in Sources */ = {isa = PBXBuildFile; fileRef = E6EC41C11C3C520D0099366E /* main.m */; };
		E6EC41C41C3C520D0099366E /* Assets.xcassets in Resources */ = {isa = PBXBuildFile; fileRef = E6EC41C31C3C520D0099366E /* Assets.xcassets */; };
		E6EC41C71C3C520D0099366E /* MainMenu.xib in Resources */ = {isa = PBXBuildFile; fileRef = E6EC41C51C3C520D0099366E /* MainMenu.xib */; };
		E6EC41D21C3C52710099366E /* FABOperation.framework in Frameworks */ = {isa = PBXBuildFile; fileRef = E6998C6D1B6852BE0018AFFC /* FABOperation.framework */; };
		E6EC41D71C3C52790099366E /* FABOperation.framework in Frameworks */ = {isa = PBXBuildFile; fileRef = E6998C6D1B6852BE0018AFFC /* FABOperation.framework */; };
/* End PBXBuildFile section */

/* Begin PBXContainerItemProxy section */
		E6998C7A1B6852BE0018AFFC /* PBXContainerItemProxy */ = {
			isa = PBXContainerItemProxy;
			containerPortal = E6998C641B6852BE0018AFFC /* Project object */;
			proxyType = 1;
			remoteGlobalIDString = E6998C6C1B6852BE0018AFFC;
			remoteInfo = CLSAsyncOperation;
		};
		E6B5657F1C262E6B003D4AC4 /* PBXContainerItemProxy */ = {
			isa = PBXContainerItemProxy;
			containerPortal = E6998C641B6852BE0018AFFC /* Project object */;
			proxyType = 1;
			remoteGlobalIDString = E6998C6C1B6852BE0018AFFC;
			remoteInfo = FABOperation;
		};
		E6E0E9CA1C3C757D00DF3D23 /* PBXContainerItemProxy */ = {
			isa = PBXContainerItemProxy;
			containerPortal = E6998C641B6852BE0018AFFC /* Project object */;
			proxyType = 1;
			remoteGlobalIDString = E6998C6C1B6852BE0018AFFC;
			remoteInfo = FABOperation;
		};
		E6EC41D51C3C52760099366E /* PBXContainerItemProxy */ = {
			isa = PBXContainerItemProxy;
			containerPortal = E6998C641B6852BE0018AFFC /* Project object */;
			proxyType = 1;
			remoteGlobalIDString = E6998C6C1B6852BE0018AFFC;
			remoteInfo = FABOperation;
		};
		E6EC41D81C3C527C0099366E /* PBXContainerItemProxy */ = {
			isa = PBXContainerItemProxy;
			containerPortal = E6998C641B6852BE0018AFFC /* Project object */;
			proxyType = 1;
			remoteGlobalIDString = E6998C6C1B6852BE0018AFFC;
			remoteInfo = FABOperation;
		};
/* End PBXContainerItemProxy section */

/* Begin PBXCopyFilesBuildPhase section */
		E6B565811C262E6B003D4AC4 /* Embed Frameworks */ = {
			isa = PBXCopyFilesBuildPhase;
			buildActionMask = 2147483647;
			dstPath = "";
			dstSubfolderSpec = 10;
			files = (
				E6B5657E1C262E6B003D4AC4 /* FABOperation.framework in Embed Frameworks */,
			);
			name = "Embed Frameworks";
			runOnlyForDeploymentPostprocessing = 0;
		};
		E6EC419E1C3C51F30099366E /* Embed Watch Content */ = {
			isa = PBXCopyFilesBuildPhase;
			buildActionMask = 2147483647;
			dstPath = "$(CONTENTS_FOLDER_PATH)/Watch";
			dstSubfolderSpec = 16;
			files = (
			);
			name = "Embed Watch Content";
			runOnlyForDeploymentPostprocessing = 0;
		};
/* End PBXCopyFilesBuildPhase section */

/* Begin PBXFileReference section */
		E67E50561C2689CE0048A75E /* FABOperationPreFlightCancellationTest.m */ = {isa = PBXFileReference; fileEncoding = 4; lastKnownFileType = sourcecode.c.objc; path = FABOperationPreFlightCancellationTest.m; sourceTree = "<group>"; };
		E67E50581C268D130048A75E /* FABTestAsyncOperation.h */ = {isa = PBXFileReference; fileEncoding = 4; lastKnownFileType = sourcecode.c.h; path = FABTestAsyncOperation.h; sourceTree = "<group>"; };
		E67E50591C268D130048A75E /* FABTestAsyncOperation.m */ = {isa = PBXFileReference; fileEncoding = 4; lastKnownFileType = sourcecode.c.objc; path = FABTestAsyncOperation.m; sourceTree = "<group>"; };
		E67E505D1C2878590048A75E /* FABTestExpectations.h */ = {isa = PBXFileReference; fileEncoding = 4; lastKnownFileType = sourcecode.c.h; path = FABTestExpectations.h; sourceTree = "<group>"; };
		E67E505E1C2878590048A75E /* FABTestExpectations.m */ = {isa = PBXFileReference; fileEncoding = 4; lastKnownFileType = sourcecode.c.objc; path = FABTestExpectations.m; sourceTree = "<group>"; };
		E691A13B1C1A2F4C0082FCCA /* FABOperation.xcconfig */ = {isa = PBXFileReference; lastKnownFileType = text.xcconfig; path = FABOperation.xcconfig; sourceTree = "<group>"; };
		E691A13C1C1A2F550082FCCA /* libFABOperation.xcconfig */ = {isa = PBXFileReference; lastKnownFileType = text.xcconfig; path = libFABOperation.xcconfig; sourceTree = "<group>"; };
		E691A1411C1A331B0082FCCA /* Project.xcconfig */ = {isa = PBXFileReference; lastKnownFileType = text.xcconfig; path = Project.xcconfig; sourceTree = "<group>"; };
		E6998C6D1B6852BE0018AFFC /* FABOperation.framework */ = {isa = PBXFileReference; explicitFileType = wrapper.framework; includeInIndex = 0; path = FABOperation.framework; sourceTree = BUILT_PRODUCTS_DIR; };
		E6998C711B6852BE0018AFFC /* Info.plist */ = {isa = PBXFileReference; lastKnownFileType = text.plist.xml; path = Info.plist; sourceTree = "<group>"; };
		E6998C721B6852BE0018AFFC /* FABAsyncOperation.h */ = {isa = PBXFileReference; lastKnownFileType = sourcecode.c.h; path = FABAsyncOperation.h; sourceTree = "<group>"; };
		E6998C781B6852BE0018AFFC /* FABOperation.xctest */ = {isa = PBXFileReference; explicitFileType = wrapper.cfbundle; includeInIndex = 0; path = FABOperation.xctest; sourceTree = BUILT_PRODUCTS_DIR; };
		E6998C7E1B6852BE0018AFFC /* Info.plist */ = {isa = PBXFileReference; lastKnownFileType = text.plist.xml; path = Info.plist; sourceTree = "<group>"; };
		E6998C7F1B6852BE0018AFFC /* FABOperationInFlightCancellationTest.m */ = {isa = PBXFileReference; lastKnownFileType = sourcecode.c.objc; path = FABOperationInFlightCancellationTest.m; sourceTree = "<group>"; };
		E6998C891B6852DA0018AFFC /* FABAsyncOperation_Private.h */ = {isa = PBXFileReference; fileEncoding = 4; lastKnownFileType = sourcecode.c.h; path = FABAsyncOperation_Private.h; sourceTree = "<group>"; };
		E6998C8A1B6852DA0018AFFC /* FABAsyncOperation.m */ = {isa = PBXFileReference; fileEncoding = 4; lastKnownFileType = sourcecode.c.objc; path = FABAsyncOperation.m; sourceTree = "<group>"; };
		E6998C8B1B6852DA0018AFFC /* FABCompoundOperation.h */ = {isa = PBXFileReference; fileEncoding = 4; lastKnownFileType = sourcecode.c.h; path = FABCompoundOperation.h; sourceTree = "<group>"; };
		E6998C8C1B6852DA0018AFFC /* FABCompoundOperation.m */ = {isa = PBXFileReference; fileEncoding = 4; lastKnownFileType = sourcecode.c.objc; path = FABCompoundOperation.m; sourceTree = "<group>"; };
		E6A296031C10D33800F82D06 /* libFABOperation.a */ = {isa = PBXFileReference; explicitFileType = archive.ar; includeInIndex = 0; path = libFABOperation.a; sourceTree = BUILT_PRODUCTS_DIR; };
		E6B5656E1C2629E0003D4AC4 /* FABOperationDemo.app */ = {isa = PBXFileReference; explicitFileType = wrapper.application; includeInIndex = 0; path = FABOperationDemo.app; sourceTree = BUILT_PRODUCTS_DIR; };
		E6B565701C2629E0003D4AC4 /* AppDelegate.swift */ = {isa = PBXFileReference; lastKnownFileType = sourcecode.swift; path = AppDelegate.swift; sourceTree = "<group>"; };
		E6B565721C2629E0003D4AC4 /* Assets.xcassets */ = {isa = PBXFileReference; lastKnownFileType = folder.assetcatalog; path = Assets.xcassets; sourceTree = "<group>"; };
		E6B565751C2629E0003D4AC4 /* Base */ = {isa = PBXFileReference; lastKnownFileType = file.xib; name = Base; path = Base.lproj/MainMenu.xib; sourceTree = "<group>"; };
		E6B565771C2629E0003D4AC4 /* Info.plist */ = {isa = PBXFileReference; lastKnownFileType = text.plist.xml; path = Info.plist; sourceTree = "<group>"; };
		E6CA09521C3D85230025ED73 /* SmokeTest-tvOS.xcconfig */ = {isa = PBXFileReference; lastKnownFileType = text.xcconfig; path = "SmokeTest-tvOS.xcconfig"; sourceTree = "<group>"; };
		E6CA09531C3D87BA0025ED73 /* SmokeTest-OSX.xcconfig */ = {isa = PBXFileReference; lastKnownFileType = text.xcconfig; path = "SmokeTest-OSX.xcconfig"; sourceTree = "<group>"; };
		E6CD308D1C1A040500EAD3B2 /* FABOperation.h */ = {isa = PBXFileReference; fileEncoding = 4; lastKnownFileType = sourcecode.c.h; path = FABOperation.h; sourceTree = "<group>"; };
		E6E0E9E11C3D71C400DF3D23 /* SmokeTest-iOS.xcconfig */ = {isa = PBXFileReference; lastKnownFileType = text.xcconfig; path = "SmokeTest-iOS.xcconfig"; sourceTree = "<group>"; };
		E6EC40CA1C3C2B300099366E /* FABOperationDemo.xcconfig */ = {isa = PBXFileReference; lastKnownFileType = text.xcconfig; path = FABOperationDemo.xcconfig; sourceTree = "<group>"; };
		E6EC41561C3C51D70099366E /* SmokeTest-iOS.app */ = {isa = PBXFileReference; explicitFileType = wrapper.application; includeInIndex = 0; path = "SmokeTest-iOS.app"; sourceTree = BUILT_PRODUCTS_DIR; };
		E6EC41591C3C51D70099366E /* main.m */ = {isa = PBXFileReference; lastKnownFileType = sourcecode.c.objc; path = main.m; sourceTree = "<group>"; };
		E6EC415B1C3C51D70099366E /* AppDelegate.h */ = {isa = PBXFileReference; lastKnownFileType = sourcecode.c.h; path = AppDelegate.h; sourceTree = "<group>"; };
		E6EC415C1C3C51D70099366E /* AppDelegate.m */ = {isa = PBXFileReference; lastKnownFileType = sourcecode.c.objc; path = AppDelegate.m; sourceTree = "<group>"; };
		E6EC415E1C3C51D70099366E /* ViewController.h */ = {isa = PBXFileReference; lastKnownFileType = sourcecode.c.h; path = ViewController.h; sourceTree = "<group>"; };
		E6EC415F1C3C51D70099366E /* ViewController.m */ = {isa = PBXFileReference; lastKnownFileType = sourcecode.c.objc; path = ViewController.m; sourceTree = "<group>"; };
		E6EC41621C3C51D70099366E /* Base */ = {isa = PBXFileReference; lastKnownFileType = file.storyboard; name = Base; path = Base.lproj/Main.storyboard; sourceTree = "<group>"; };
		E6EC41641C3C51D70099366E /* Assets.xcassets */ = {isa = PBXFileReference; lastKnownFileType = folder.assetcatalog; path = Assets.xcassets; sourceTree = "<group>"; };
		E6EC41671C3C51D70099366E /* Base */ = {isa = PBXFileReference; lastKnownFileType = file.storyboard; name = Base; path = Base.lproj/LaunchScreen.storyboard; sourceTree = "<group>"; };
		E6EC41691C3C51D70099366E /* Info.plist */ = {isa = PBXFileReference; lastKnownFileType = text.plist.xml; path = Info.plist; sourceTree = "<group>"; };
		E6EC41A31C3C51FF0099366E /* SmokeTest-tvOS.app */ = {isa = PBXFileReference; explicitFileType = wrapper.application; includeInIndex = 0; path = "SmokeTest-tvOS.app"; sourceTree = BUILT_PRODUCTS_DIR; };
		E6EC41A61C3C51FF0099366E /* main.m */ = {isa = PBXFileReference; lastKnownFileType = sourcecode.c.objc; path = main.m; sourceTree = "<group>"; };
		E6EC41A81C3C51FF0099366E /* AppDelegate.h */ = {isa = PBXFileReference; lastKnownFileType = sourcecode.c.h; path = AppDelegate.h; sourceTree = "<group>"; };
		E6EC41A91C3C51FF0099366E /* AppDelegate.m */ = {isa = PBXFileReference; lastKnownFileType = sourcecode.c.objc; path = AppDelegate.m; sourceTree = "<group>"; };
		E6EC41AB1C3C51FF0099366E /* ViewController.h */ = {isa = PBXFileReference; lastKnownFileType = sourcecode.c.h; path = ViewController.h; sourceTree = "<group>"; };
		E6EC41AC1C3C51FF0099366E /* ViewController.m */ = {isa = PBXFileReference; lastKnownFileType = sourcecode.c.objc; path = ViewController.m; sourceTree = "<group>"; };
		E6EC41AF1C3C51FF0099366E /* Base */ = {isa = PBXFileReference; lastKnownFileType = file.storyboard; name = Base; path = Base.lproj/Main.storyboard; sourceTree = "<group>"; };
		E6EC41B11C3C51FF0099366E /* Assets.xcassets */ = {isa = PBXFileReference; lastKnownFileType = folder.assetcatalog; path = Assets.xcassets; sourceTree = "<group>"; };
		E6EC41B31C3C51FF0099366E /* Info.plist */ = {isa = PBXFileReference; lastKnownFileType = text.plist.xml; path = Info.plist; sourceTree = "<group>"; };
		E6EC41BB1C3C520D0099366E /* SmokeTest-OSX.app */ = {isa = PBXFileReference; explicitFileType = wrapper.application; includeInIndex = 0; path = "SmokeTest-OSX.app"; sourceTree = BUILT_PRODUCTS_DIR; };
		E6EC41BD1C3C520D0099366E /* AppDelegate.h */ = {isa = PBXFileReference; lastKnownFileType = sourcecode.c.h; path = AppDelegate.h; sourceTree = "<group>"; };
		E6EC41BE1C3C520D0099366E /* AppDelegate.m */ = {isa = PBXFileReference; lastKnownFileType = sourcecode.c.objc; path = AppDelegate.m; sourceTree = "<group>"; };
		E6EC41C11C3C520D0099366E /* main.m */ = {isa = PBXFileReference; lastKnownFileType = sourcecode.c.objc; path = main.m; sourceTree = "<group>"; };
		E6EC41C31C3C520D0099366E /* Assets.xcassets */ = {isa = PBXFileReference; lastKnownFileType = folder.assetcatalog; path = Assets.xcassets; sourceTree = "<group>"; };
		E6EC41C61C3C520D0099366E /* Base */ = {isa = PBXFileReference; lastKnownFileType = file.xib; name = Base; path = Base.lproj/MainMenu.xib; sourceTree = "<group>"; };
		E6EC41C81C3C520D0099366E /* Info.plist */ = {isa = PBXFileReference; lastKnownFileType = text.plist.xml; path = Info.plist; sourceTree = "<group>"; };
/* End PBXFileReference section */

/* Begin PBXFrameworksBuildPhase section */
		E6998C691B6852BE0018AFFC /* Frameworks */ = {
			isa = PBXFrameworksBuildPhase;
			buildActionMask = 2147483647;
			files = (
			);
			runOnlyForDeploymentPostprocessing = 0;
		};
		E6998C751B6852BE0018AFFC /* Frameworks */ = {
			isa = PBXFrameworksBuildPhase;
			buildActionMask = 2147483647;
			files = (
				E6998C791B6852BE0018AFFC /* FABOperation.framework in Frameworks */,
			);
			runOnlyForDeploymentPostprocessing = 0;
		};
		E6A296001C10D33800F82D06 /* Frameworks */ = {
			isa = PBXFrameworksBuildPhase;
			buildActionMask = 2147483647;
			files = (
			);
			runOnlyForDeploymentPostprocessing = 0;
		};
		E6B5656B1C2629E0003D4AC4 /* Frameworks */ = {
			isa = PBXFrameworksBuildPhase;
			buildActionMask = 2147483647;
			files = (
				E6B5657D1C262E6B003D4AC4 /* FABOperation.framework in Frameworks */,
			);
			runOnlyForDeploymentPostprocessing = 0;
		};
		E6EC41531C3C51D70099366E /* Frameworks */ = {
			isa = PBXFrameworksBuildPhase;
			buildActionMask = 2147483647;
			files = (
				E6E0E9C91C3C757B00DF3D23 /* FABOperation.framework in Frameworks */,
			);
			runOnlyForDeploymentPostprocessing = 0;
		};
		E6EC41A01C3C51FF0099366E /* Frameworks */ = {
			isa = PBXFrameworksBuildPhase;
			buildActionMask = 2147483647;
			files = (
				E6EC41D21C3C52710099366E /* FABOperation.framework in Frameworks */,
			);
			runOnlyForDeploymentPostprocessing = 0;
		};
		E6EC41B81C3C520D0099366E /* Frameworks */ = {
			isa = PBXFrameworksBuildPhase;
			buildActionMask = 2147483647;
			files = (
				E6EC41D71C3C52790099366E /* FABOperation.framework in Frameworks */,
			);
			runOnlyForDeploymentPostprocessing = 0;
		};
/* End PBXFrameworksBuildPhase section */

/* Begin PBXGroup section */
		E6998C631B6852BE0018AFFC = {
			isa = PBXGroup;
			children = (
				E6998C6F1B6852BE0018AFFC /* FABOperation */,
				E6998C7C1B6852BE0018AFFC /* FABOperationTests */,
				E6B5656F1C2629E0003D4AC4 /* FABOperationDemo */,
				E6EC411C1C3C4F610099366E /* SmokeTest */,
				E6998C6E1B6852BE0018AFFC /* Products */,
			);
			sourceTree = "<group>";
		};
		E6998C6E1B6852BE0018AFFC /* Products */ = {
			isa = PBXGroup;
			children = (
				E6998C6D1B6852BE0018AFFC /* FABOperation.framework */,
				E6998C781B6852BE0018AFFC /* FABOperation.xctest */,
				E6A296031C10D33800F82D06 /* libFABOperation.a */,
				E6B5656E1C2629E0003D4AC4 /* FABOperationDemo.app */,
				E6EC41561C3C51D70099366E /* SmokeTest-iOS.app */,
				E6EC41A31C3C51FF0099366E /* SmokeTest-tvOS.app */,
				E6EC41BB1C3C520D0099366E /* SmokeTest-OSX.app */,
			);
			name = Products;
			sourceTree = "<group>";
		};
		E6998C6F1B6852BE0018AFFC /* FABOperation */ = {
			isa = PBXGroup;
			children = (
				E6CD308D1C1A040500EAD3B2 /* FABOperation.h */,
				E6998C721B6852BE0018AFFC /* FABAsyncOperation.h */,
				E6998C891B6852DA0018AFFC /* FABAsyncOperation_Private.h */,
				E6998C8A1B6852DA0018AFFC /* FABAsyncOperation.m */,
				E6998C8B1B6852DA0018AFFC /* FABCompoundOperation.h */,
				E6998C8C1B6852DA0018AFFC /* FABCompoundOperation.m */,
				E6998C701B6852BE0018AFFC /* Supporting Files */,
			);
			path = FABOperation;
			sourceTree = "<group>";
		};
		E6998C701B6852BE0018AFFC /* Supporting Files */ = {
			isa = PBXGroup;
			children = (
				E6998C711B6852BE0018AFFC /* Info.plist */,
				E691A13B1C1A2F4C0082FCCA /* FABOperation.xcconfig */,
				E691A13C1C1A2F550082FCCA /* libFABOperation.xcconfig */,
				E691A1411C1A331B0082FCCA /* Project.xcconfig */,
			);
			name = "Supporting Files";
			sourceTree = "<group>";
		};
		E6998C7C1B6852BE0018AFFC /* FABOperationTests */ = {
			isa = PBXGroup;
			children = (
				E6998C7F1B6852BE0018AFFC /* FABOperationInFlightCancellationTest.m */,
				E67E50561C2689CE0048A75E /* FABOperationPreFlightCancellationTest.m */,
				E67E50581C268D130048A75E /* FABTestAsyncOperation.h */,
				E67E50591C268D130048A75E /* FABTestAsyncOperation.m */,
				E67E505D1C2878590048A75E /* FABTestExpectations.h */,
				E67E505E1C2878590048A75E /* FABTestExpectations.m */,
				E6998C7D1B6852BE0018AFFC /* Supporting Files */,
			);
			path = FABOperationTests;
			sourceTree = "<group>";
		};
		E6998C7D1B6852BE0018AFFC /* Supporting Files */ = {
			isa = PBXGroup;
			children = (
				E6998C7E1B6852BE0018AFFC /* Info.plist */,
			);
			name = "Supporting Files";
			sourceTree = "<group>";
		};
		E6B5656F1C2629E0003D4AC4 /* FABOperationDemo */ = {
			isa = PBXGroup;
			children = (
				E6B565701C2629E0003D4AC4 /* AppDelegate.swift */,
				E6B565721C2629E0003D4AC4 /* Assets.xcassets */,
				E6B565741C2629E0003D4AC4 /* MainMenu.xib */,
				E6B565771C2629E0003D4AC4 /* Info.plist */,
				E6EC40CA1C3C2B300099366E /* FABOperationDemo.xcconfig */,
			);
			path = FABOperationDemo;
			sourceTree = "<group>";
		};
		E6EC411C1C3C4F610099366E /* SmokeTest */ = {
			isa = PBXGroup;
			children = (
				E6EC41571C3C51D70099366E /* SmokeTest-iOS */,
				E6EC41A41C3C51FF0099366E /* SmokeTest-tvOS */,
				E6EC41BC1C3C520D0099366E /* SmokeTest-OSX */,
			);
			name = SmokeTest;
			sourceTree = "<group>";
		};
		E6EC41571C3C51D70099366E /* SmokeTest-iOS */ = {
			isa = PBXGroup;
			children = (
				E6EC415B1C3C51D70099366E /* AppDelegate.h */,
				E6EC415C1C3C51D70099366E /* AppDelegate.m */,
				E6EC41641C3C51D70099366E /* Assets.xcassets */,
				E6EC41691C3C51D70099366E /* Info.plist */,
				E6EC41661C3C51D70099366E /* LaunchScreen.storyboard */,
				E6EC41611C3C51D70099366E /* Main.storyboard */,
				E6E0E9E11C3D71C400DF3D23 /* SmokeTest-iOS.xcconfig */,
				E6EC41581C3C51D70099366E /* Supporting Files */,
				E6EC415E1C3C51D70099366E /* ViewController.h */,
				E6EC415F1C3C51D70099366E /* ViewController.m */,
			);
			name = "SmokeTest-iOS";
			path = "SmokeTest/SmokeTest-iOS";
			sourceTree = "<group>";
		};
		E6EC41581C3C51D70099366E /* Supporting Files */ = {
			isa = PBXGroup;
			children = (
				E6EC41591C3C51D70099366E /* main.m */,
			);
			name = "Supporting Files";
			sourceTree = "<group>";
		};
		E6EC41A41C3C51FF0099366E /* SmokeTest-tvOS */ = {
			isa = PBXGroup;
			children = (
				E6EC41A81C3C51FF0099366E /* AppDelegate.h */,
				E6EC41A91C3C51FF0099366E /* AppDelegate.m */,
				E6EC41B11C3C51FF0099366E /* Assets.xcassets */,
				E6EC41B31C3C51FF0099366E /* Info.plist */,
				E6EC41AE1C3C51FF0099366E /* Main.storyboard */,
				E6CA09521C3D85230025ED73 /* SmokeTest-tvOS.xcconfig */,
				E6EC41A51C3C51FF0099366E /* Supporting Files */,
				E6EC41AB1C3C51FF0099366E /* ViewController.h */,
				E6EC41AC1C3C51FF0099366E /* ViewController.m */,
			);
			name = "SmokeTest-tvOS";
			path = "SmokeTest/SmokeTest-tvOS";
			sourceTree = "<group>";
		};
		E6EC41A51C3C51FF0099366E /* Supporting Files */ = {
			isa = PBXGroup;
			children = (
				E6EC41A61C3C51FF0099366E /* main.m */,
			);
			name = "Supporting Files";
			sourceTree = "<group>";
		};
		E6EC41BC1C3C520D0099366E /* SmokeTest-OSX */ = {
			isa = PBXGroup;
			children = (
				E6EC41BD1C3C520D0099366E /* AppDelegate.h */,
				E6EC41BE1C3C520D0099366E /* AppDelegate.m */,
				E6EC41C31C3C520D0099366E /* Assets.xcassets */,
				E6EC41C81C3C520D0099366E /* Info.plist */,
				E6EC41C51C3C520D0099366E /* MainMenu.xib */,
				E6CA09531C3D87BA0025ED73 /* SmokeTest-OSX.xcconfig */,
				E6EC41C01C3C520D0099366E /* Supporting Files */,
			);
			name = "SmokeTest-OSX";
			path = "SmokeTest/SmokeTest-OSX";
			sourceTree = "<group>";
		};
		E6EC41C01C3C520D0099366E /* Supporting Files */ = {
			isa = PBXGroup;
			children = (
				E6EC41C11C3C520D0099366E /* main.m */,
			);
			name = "Supporting Files";
			sourceTree = "<group>";
		};
/* End PBXGroup section */

/* Begin PBXHeadersBuildPhase section */
		E6998C6A1B6852BE0018AFFC /* Headers */ = {
			isa = PBXHeadersBuildPhase;
			buildActionMask = 2147483647;
			files = (
				E6CD308E1C1A040500EAD3B2 /* FABOperation.h in Headers */,
				E6998C8E1B6852DA0018AFFC /* FABAsyncOperation_Private.h in Headers */,
				E6998C731B6852BE0018AFFC /* FABAsyncOperation.h in Headers */,
				E6998C901B6852DA0018AFFC /* FABCompoundOperation.h in Headers */,
			);
			runOnlyForDeploymentPostprocessing = 0;
		};
		E6A296011C10D33800F82D06 /* Headers */ = {
			isa = PBXHeadersBuildPhase;
			buildActionMask = 2147483647;
			files = (
			);
			runOnlyForDeploymentPostprocessing = 0;
		};
/* End PBXHeadersBuildPhase section */

/* Begin PBXNativeTarget section */
		E6998C6C1B6852BE0018AFFC /* FABOperation */ = {
			isa = PBXNativeTarget;
			buildConfigurationList = E6998C831B6852BE0018AFFC /* Build configuration list for PBXNativeTarget "FABOperation" */;
			buildPhases = (
				E6998C681B6852BE0018AFFC /* Sources */,
				E6998C691B6852BE0018AFFC /* Frameworks */,
				E6998C6A1B6852BE0018AFFC /* Headers */,
				E6998C6B1B6852BE0018AFFC /* Resources */,
			);
			buildRules = (
			);
			dependencies = (
			);
			name = FABOperation;
			productName = CLSAsyncOperation;
			productReference = E6998C6D1B6852BE0018AFFC /* FABOperation.framework */;
			productType = "com.apple.product-type.framework";
		};
		E6998C771B6852BE0018AFFC /* FABOperationTests */ = {
			isa = PBXNativeTarget;
			buildConfigurationList = E6998C861B6852BE0018AFFC /* Build configuration list for PBXNativeTarget "FABOperationTests" */;
			buildPhases = (
				E6998C741B6852BE0018AFFC /* Sources */,
				E6998C751B6852BE0018AFFC /* Frameworks */,
				E6998C761B6852BE0018AFFC /* Resources */,
			);
			buildRules = (
			);
			dependencies = (
				E6998C7B1B6852BE0018AFFC /* PBXTargetDependency */,
			);
			name = FABOperationTests;
			productName = CLSAsyncOperationTests;
			productReference = E6998C781B6852BE0018AFFC /* FABOperation.xctest */;
			productType = "com.apple.product-type.bundle.unit-test";
		};
		E6A296021C10D33800F82D06 /* libFABOperation */ = {
			isa = PBXNativeTarget;
			buildConfigurationList = E6A2960B1C10D33800F82D06 /* Build configuration list for PBXNativeTarget "libFABOperation" */;
			buildPhases = (
				E6A295FF1C10D33800F82D06 /* Sources */,
				E6A296001C10D33800F82D06 /* Frameworks */,
				E6A296011C10D33800F82D06 /* Headers */,
			);
			buildRules = (
			);
			dependencies = (
			);
			name = libFABOperation;
			productName = libCLSAsyncOperation;
			productReference = E6A296031C10D33800F82D06 /* libFABOperation.a */;
			productType = "com.apple.product-type.library.static";
		};
		E6B5656D1C2629E0003D4AC4 /* FABOperationDemo */ = {
			isa = PBXNativeTarget;
			buildConfigurationList = E6B5657A1C2629E0003D4AC4 /* Build configuration list for PBXNativeTarget "FABOperationDemo" */;
			buildPhases = (
				E6B5656A1C2629E0003D4AC4 /* Sources */,
				E6B5656B1C2629E0003D4AC4 /* Frameworks */,
				E6B5656C1C2629E0003D4AC4 /* Resources */,
				E6B565811C262E6B003D4AC4 /* Embed Frameworks */,
			);
			buildRules = (
			);
			dependencies = (
				E6B565801C262E6B003D4AC4 /* PBXTargetDependency */,
			);
			name = FABOperationDemo;
			productName = FABOperationDemo;
			productReference = E6B5656E1C2629E0003D4AC4 /* FABOperationDemo.app */;
			productType = "com.apple.product-type.application";
		};
		E6EC41551C3C51D70099366E /* SmokeTest-iOS */ = {
			isa = PBXNativeTarget;
			buildConfigurationList = E6EC416A1C3C51D70099366E /* Build configuration list for PBXNativeTarget "SmokeTest-iOS" */;
			buildPhases = (
				E6EC41521C3C51D70099366E /* Sources */,
				E6EC41531C3C51D70099366E /* Frameworks */,
				E6EC41541C3C51D70099366E /* Resources */,
				E6EC419E1C3C51F30099366E /* Embed Watch Content */,
			);
			buildRules = (
			);
			dependencies = (
				E6E0E9CB1C3C757D00DF3D23 /* PBXTargetDependency */,
			);
			name = "SmokeTest-iOS";
			productName = "SmokeTest-iOS";
			productReference = E6EC41561C3C51D70099366E /* SmokeTest-iOS.app */;
			productType = "com.apple.product-type.application";
		};
		E6EC41A21C3C51FF0099366E /* SmokeTest-tvOS */ = {
			isa = PBXNativeTarget;
			buildConfigurationList = E6EC41B41C3C51FF0099366E /* Build configuration list for PBXNativeTarget "SmokeTest-tvOS" */;
			buildPhases = (
				E6EC419F1C3C51FF0099366E /* Sources */,
				E6EC41A01C3C51FF0099366E /* Frameworks */,
				E6EC41A11C3C51FF0099366E /* Resources */,
			);
			buildRules = (
			);
			dependencies = (
				E6EC41D61C3C52760099366E /* PBXTargetDependency */,
			);
			name = "SmokeTest-tvOS";
			productName = "SmokeTest-tvOS";
			productReference = E6EC41A31C3C51FF0099366E /* SmokeTest-tvOS.app */;
			productType = "com.apple.product-type.application";
		};
		E6EC41BA1C3C520D0099366E /* SmokeTest-OSX */ = {
			isa = PBXNativeTarget;
			buildConfigurationList = E6EC41C91C3C520D0099366E /* Build configuration list for PBXNativeTarget "SmokeTest-OSX" */;
			buildPhases = (
				E6EC41B71C3C520D0099366E /* Sources */,
				E6EC41B81C3C520D0099366E /* Frameworks */,
				E6EC41B91C3C520D0099366E /* Resources */,
			);
			buildRules = (
			);
			dependencies = (
				E6EC41D91C3C527C0099366E /* PBXTargetDependency */,
			);
			name = "SmokeTest-OSX";
			productName = "SmokeTest-OSX";
			productReference = E6EC41BB1C3C520D0099366E /* SmokeTest-OSX.app */;
			productType = "com.apple.product-type.application";
		};
/* End PBXNativeTarget section */

/* Begin PBXProject section */
		E6998C641B6852BE0018AFFC /* Project object */ = {
			isa = PBXProject;
			attributes = {
				CLASSPREFIX = FAB;
				LastSwiftUpdateCheck = 0720;
				LastUpgradeCheck = 0720;
				ORGANIZATIONNAME = Twitter;
				TargetAttributes = {
					E6998C6C1B6852BE0018AFFC = {
						CreatedOnToolsVersion = 6.4;
					};
					E6998C771B6852BE0018AFFC = {
						CreatedOnToolsVersion = 6.4;
					};
					E6A296021C10D33800F82D06 = {
						CreatedOnToolsVersion = 7.1.1;
					};
					E6B5656D1C2629E0003D4AC4 = {
						CreatedOnToolsVersion = 7.2;
					};
					E6EC41551C3C51D70099366E = {
						CreatedOnToolsVersion = 7.2;
					};
					E6EC41A21C3C51FF0099366E = {
						CreatedOnToolsVersion = 7.2;
					};
					E6EC41BA1C3C520D0099366E = {
						CreatedOnToolsVersion = 7.2;
					};
				};
			};
			buildConfigurationList = E6998C671B6852BE0018AFFC /* Build configuration list for PBXProject "FABOperation" */;
			compatibilityVersion = "Xcode 3.2";
			developmentRegion = English;
			hasScannedForEncodings = 0;
			knownRegions = (
				en,
				Base,
			);
			mainGroup = E6998C631B6852BE0018AFFC;
			productRefGroup = E6998C6E1B6852BE0018AFFC /* Products */;
			projectDirPath = "";
			projectRoot = "";
			targets = (
				E6998C6C1B6852BE0018AFFC /* FABOperation */,
				E6998C771B6852BE0018AFFC /* FABOperationTests */,
				E6A296021C10D33800F82D06 /* libFABOperation */,
				E6B5656D1C2629E0003D4AC4 /* FABOperationDemo */,
				E6EC41551C3C51D70099366E /* SmokeTest-iOS */,
				E6EC41A21C3C51FF0099366E /* SmokeTest-tvOS */,
				E6EC41BA1C3C520D0099366E /* SmokeTest-OSX */,
			);
		};
/* End PBXProject section */

/* Begin PBXResourcesBuildPhase section */
		E6998C6B1B6852BE0018AFFC /* Resources */ = {
			isa = PBXResourcesBuildPhase;
			buildActionMask = 2147483647;
			files = (
			);
			runOnlyForDeploymentPostprocessing = 0;
		};
		E6998C761B6852BE0018AFFC /* Resources */ = {
			isa = PBXResourcesBuildPhase;
			buildActionMask = 2147483647;
			files = (
			);
			runOnlyForDeploymentPostprocessing = 0;
		};
		E6B5656C1C2629E0003D4AC4 /* Resources */ = {
			isa = PBXResourcesBuildPhase;
			buildActionMask = 2147483647;
			files = (
				E6B565731C2629E0003D4AC4 /* Assets.xcassets in Resources */,
				E6B565761C2629E0003D4AC4 /* MainMenu.xib in Resources */,
			);
			runOnlyForDeploymentPostprocessing = 0;
		};
		E6EC41541C3C51D70099366E /* Resources */ = {
			isa = PBXResourcesBuildPhase;
			buildActionMask = 2147483647;
			files = (
				E6EC41681C3C51D70099366E /* LaunchScreen.storyboard in Resources */,
				E6EC41651C3C51D70099366E /* Assets.xcassets in Resources */,
				E6EC41631C3C51D70099366E /* Main.storyboard in Resources */,
			);
			runOnlyForDeploymentPostprocessing = 0;
		};
		E6EC41A11C3C51FF0099366E /* Resources */ = {
			isa = PBXResourcesBuildPhase;
			buildActionMask = 2147483647;
			files = (
				E6EC41B21C3C51FF0099366E /* Assets.xcassets in Resources */,
				E6EC41B01C3C51FF0099366E /* Main.storyboard in Resources */,
			);
			runOnlyForDeploymentPostprocessing = 0;
		};
		E6EC41B91C3C520D0099366E /* Resources */ = {
			isa = PBXResourcesBuildPhase;
			buildActionMask = 2147483647;
			files = (
				E6EC41C41C3C520D0099366E /* Assets.xcassets in Resources */,
				E6EC41C71C3C520D0099366E /* MainMenu.xib in Resources */,
			);
			runOnlyForDeploymentPostprocessing = 0;
		};
/* End PBXResourcesBuildPhase section */

/* Begin PBXSourcesBuildPhase section */
		E6998C681B6852BE0018AFFC /* Sources */ = {
			isa = PBXSourcesBuildPhase;
			buildActionMask = 2147483647;
			files = (
				E6998C911B6852DA0018AFFC /* FABCompoundOperation.m in Sources */,
				E6998C8F1B6852DA0018AFFC /* FABAsyncOperation.m in Sources */,
			);
			runOnlyForDeploymentPostprocessing = 0;
		};
		E6998C741B6852BE0018AFFC /* Sources */ = {
			isa = PBXSourcesBuildPhase;
			buildActionMask = 2147483647;
			files = (
				E67E505F1C2878590048A75E /* FABTestExpectations.m in Sources */,
				E67E50571C2689CE0048A75E /* FABOperationPreFlightCancellationTest.m in Sources */,
				E6998C801B6852BE0018AFFC /* FABOperationInFlightCancellationTest.m in Sources */,
				E67E505A1C268D130048A75E /* FABTestAsyncOperation.m in Sources */,
			);
			runOnlyForDeploymentPostprocessing = 0;
		};
		E6A295FF1C10D33800F82D06 /* Sources */ = {
			isa = PBXSourcesBuildPhase;
			buildActionMask = 2147483647;
			files = (
				E6A2960C1C10D35200F82D06 /* FABAsyncOperation.m in Sources */,
				E6A2960D1C10D35400F82D06 /* FABCompoundOperation.m in Sources */,
			);
			runOnlyForDeploymentPostprocessing = 0;
		};
		E6B5656A1C2629E0003D4AC4 /* Sources */ = {
			isa = PBXSourcesBuildPhase;
			buildActionMask = 2147483647;
			files = (
				E6B565711C2629E0003D4AC4 /* AppDelegate.swift in Sources */,
			);
			runOnlyForDeploymentPostprocessing = 0;
		};
		E6EC41521C3C51D70099366E /* Sources */ = {
			isa = PBXSourcesBuildPhase;
			buildActionMask = 2147483647;
			files = (
				E6EC41601C3C51D70099366E /* ViewController.m in Sources */,
				E6EC415D1C3C51D70099366E /* AppDelegate.m in Sources */,
				E6EC415A1C3C51D70099366E /* main.m in Sources */,
			);
			runOnlyForDeploymentPostprocessing = 0;
		};
		E6EC419F1C3C51FF0099366E /* Sources */ = {
			isa = PBXSourcesBuildPhase;
			buildActionMask = 2147483647;
			files = (
				E6EC41AD1C3C51FF0099366E /* ViewController.m in Sources */,
				E6EC41AA1C3C51FF0099366E /* AppDelegate.m in Sources */,
				E6EC41A71C3C51FF0099366E /* main.m in Sources */,
			);
			runOnlyForDeploymentPostprocessing = 0;
		};
		E6EC41B71C3C520D0099366E /* Sources */ = {
			isa = PBXSourcesBuildPhase;
			buildActionMask = 2147483647;
			files = (
				E6EC41C21C3C520D0099366E /* main.m in Sources */,
				E6EC41BF1C3C520D0099366E /* AppDelegate.m in Sources */,
			);
			runOnlyForDeploymentPostprocessing = 0;
		};
/* End PBXSourcesBuildPhase section */

/* Begin PBXTargetDependency section */
		E6998C7B1B6852BE0018AFFC /* PBXTargetDependency */ = {
			isa = PBXTargetDependency;
			target = E6998C6C1B6852BE0018AFFC /* FABOperation */;
			targetProxy = E6998C7A1B6852BE0018AFFC /* PBXContainerItemProxy */;
		};
		E6B565801C262E6B003D4AC4 /* PBXTargetDependency */ = {
			isa = PBXTargetDependency;
			target = E6998C6C1B6852BE0018AFFC /* FABOperation */;
			targetProxy = E6B5657F1C262E6B003D4AC4 /* PBXContainerItemProxy */;
		};
		E6E0E9CB1C3C757D00DF3D23 /* PBXTargetDependency */ = {
			isa = PBXTargetDependency;
			target = E6998C6C1B6852BE0018AFFC /* FABOperation */;
			targetProxy = E6E0E9CA1C3C757D00DF3D23 /* PBXContainerItemProxy */;
		};
		E6EC41D61C3C52760099366E /* PBXTargetDependency */ = {
			isa = PBXTargetDependency;
			target = E6998C6C1B6852BE0018AFFC /* FABOperation */;
			targetProxy = E6EC41D51C3C52760099366E /* PBXContainerItemProxy */;
		};
		E6EC41D91C3C527C0099366E /* PBXTargetDependency */ = {
			isa = PBXTargetDependency;
			target = E6998C6C1B6852BE0018AFFC /* FABOperation */;
			targetProxy = E6EC41D81C3C527C0099366E /* PBXContainerItemProxy */;
		};
/* End PBXTargetDependency section */

/* Begin PBXVariantGroup section */
		E6B565741C2629E0003D4AC4 /* MainMenu.xib */ = {
			isa = PBXVariantGroup;
			children = (
				E6B565751C2629E0003D4AC4 /* Base */,
			);
			name = MainMenu.xib;
			sourceTree = "<group>";
		};
		E6EC41611C3C51D70099366E /* Main.storyboard */ = {
			isa = PBXVariantGroup;
			children = (
				E6EC41621C3C51D70099366E /* Base */,
			);
			name = Main.storyboard;
			sourceTree = "<group>";
		};
		E6EC41661C3C51D70099366E /* LaunchScreen.storyboard */ = {
			isa = PBXVariantGroup;
			children = (
				E6EC41671C3C51D70099366E /* Base */,
			);
			name = LaunchScreen.storyboard;
			sourceTree = "<group>";
		};
		E6EC41AE1C3C51FF0099366E /* Main.storyboard */ = {
			isa = PBXVariantGroup;
			children = (
				E6EC41AF1C3C51FF0099366E /* Base */,
			);
			name = Main.storyboard;
			sourceTree = "<group>";
		};
		E6EC41C51C3C520D0099366E /* MainMenu.xib */ = {
			isa = PBXVariantGroup;
			children = (
				E6EC41C61C3C520D0099366E /* Base */,
			);
			name = MainMenu.xib;
			sourceTree = "<group>";
		};
/* End PBXVariantGroup section */

/* Begin XCBuildConfiguration section */
		E6998C811B6852BE0018AFFC /* Debug */ = {
			isa = XCBuildConfiguration;
			baseConfigurationReference = E691A1411C1A331B0082FCCA /* Project.xcconfig */;
			buildSettings = {
			};
			name = Debug;
		};
		E6998C821B6852BE0018AFFC /* Release */ = {
			isa = XCBuildConfiguration;
			baseConfigurationReference = E691A1411C1A331B0082FCCA /* Project.xcconfig */;
			buildSettings = {
			};
			name = Release;
		};
		E6998C841B6852BE0018AFFC /* Debug */ = {
			isa = XCBuildConfiguration;
			baseConfigurationReference = E691A13B1C1A2F4C0082FCCA /* FABOperation.xcconfig */;
			buildSettings = {
			};
			name = Debug;
		};
		E6998C851B6852BE0018AFFC /* Release */ = {
			isa = XCBuildConfiguration;
			baseConfigurationReference = E691A13B1C1A2F4C0082FCCA /* FABOperation.xcconfig */;
			buildSettings = {
			};
			name = Release;
		};
		E6998C871B6852BE0018AFFC /* Debug */ = {
			isa = XCBuildConfiguration;
			buildSettings = {
				COMBINE_HIDPI_IMAGES = YES;
				FRAMEWORK_SEARCH_PATHS = (
					"$(DEVELOPER_FRAMEWORKS_DIR)",
					"$(inherited)",
				);
				GCC_PREPROCESSOR_DEFINITIONS = (
					"DEBUG=1",
					"$(inherited)",
				);
				INFOPLIST_FILE = FABOperationTests/Info.plist;
				LD_RUNPATH_SEARCH_PATHS = "$(inherited) @executable_path/../Frameworks @loader_path/../Frameworks";
				PRODUCT_BUNDLE_IDENTIFIER = "com.twitter.$(PRODUCT_NAME:rfc1034identifier)";
				PRODUCT_NAME = FABOperation;
			};
			name = Debug;
		};
		E6998C881B6852BE0018AFFC /* Release */ = {
			isa = XCBuildConfiguration;
			buildSettings = {
				COMBINE_HIDPI_IMAGES = YES;
				FRAMEWORK_SEARCH_PATHS = (
					"$(DEVELOPER_FRAMEWORKS_DIR)",
					"$(inherited)",
				);
				INFOPLIST_FILE = FABOperationTests/Info.plist;
				LD_RUNPATH_SEARCH_PATHS = "$(inherited) @executable_path/../Frameworks @loader_path/../Frameworks";
				PRODUCT_BUNDLE_IDENTIFIER = "com.twitter.$(PRODUCT_NAME:rfc1034identifier)";
				PRODUCT_NAME = FABOperation;
			};
			name = Release;
		};
		E6A296091C10D33800F82D06 /* Debug */ = {
			isa = XCBuildConfiguration;
			baseConfigurationReference = E691A13C1C1A2F550082FCCA /* libFABOperation.xcconfig */;
			buildSettings = {
			};
			name = Debug;
		};
		E6A2960A1C10D33800F82D06 /* Release */ = {
			isa = XCBuildConfiguration;
			baseConfigurationReference = E691A13C1C1A2F550082FCCA /* libFABOperation.xcconfig */;
			buildSettings = {
			};
			name = Release;
		};
		E6B565781C2629E0003D4AC4 /* Debug */ = {
			isa = XCBuildConfiguration;
			baseConfigurationReference = E6EC40CA1C3C2B300099366E /* FABOperationDemo.xcconfig */;
			buildSettings = {
			};
			name = Debug;
		};
		E6B565791C2629E0003D4AC4 /* Release */ = {
			isa = XCBuildConfiguration;
			baseConfigurationReference = E6EC40CA1C3C2B300099366E /* FABOperationDemo.xcconfig */;
			buildSettings = {
			};
			name = Release;
		};
		E6EC416B1C3C51D70099366E /* Debug */ = {
			isa = XCBuildConfiguration;
			baseConfigurationReference = E6E0E9E11C3D71C400DF3D23 /* SmokeTest-iOS.xcconfig */;
			buildSettings = {
			};
			name = Debug;
		};
		E6EC416C1C3C51D70099366E /* Release */ = {
			isa = XCBuildConfiguration;
			baseConfigurationReference = E6E0E9E11C3D71C400DF3D23 /* SmokeTest-iOS.xcconfig */;
			buildSettings = {
			};
			name = Release;
		};
		E6EC41B51C3C51FF0099366E /* Debug */ = {
			isa = XCBuildConfiguration;
			baseConfigurationReference = E6CA09521C3D85230025ED73 /* SmokeTest-tvOS.xcconfig */;
			buildSettings = {
			};
			name = Debug;
		};
		E6EC41B61C3C51FF0099366E /* Release */ = {
			isa = XCBuildConfiguration;
			baseConfigurationReference = E6CA09521C3D85230025ED73 /* SmokeTest-tvOS.xcconfig */;
			buildSettings = {
			};
			name = Release;
		};
		E6EC41CA1C3C520D0099366E /* Debug */ = {
			isa = XCBuildConfiguration;
			baseConfigurationReference = E6CA09531C3D87BA0025ED73 /* SmokeTest-OSX.xcconfig */;
			buildSettings = {
			};
			name = Debug;
		};
		E6EC41CB1C3C520D0099366E /* Release */ = {
			isa = XCBuildConfiguration;
			baseConfigurationReference = E6CA09531C3D87BA0025ED73 /* SmokeTest-OSX.xcconfig */;
			buildSettings = {
			};
			name = Release;
		};
/* End XCBuildConfiguration section */

/* Begin XCConfigurationList section */
		E6998C671B6852BE0018AFFC /* Build configuration list for PBXProject "FABOperation" */ = {
			isa = XCConfigurationList;
			buildConfigurations = (
				E6998C811B6852BE0018AFFC /* Debug */,
				E6998C821B6852BE0018AFFC /* Release */,
			);
			defaultConfigurationIsVisible = 0;
			defaultConfigurationName = Release;
		};
		E6998C831B6852BE0018AFFC /* Build configuration list for PBXNativeTarget "FABOperation" */ = {
			isa = XCConfigurationList;
			buildConfigurations = (
				E6998C841B6852BE0018AFFC /* Debug */,
				E6998C851B6852BE0018AFFC /* Release */,
			);
			defaultConfigurationIsVisible = 0;
			defaultConfigurationName = Release;
		};
		E6998C861B6852BE0018AFFC /* Build configuration list for PBXNativeTarget "FABOperationTests" */ = {
			isa = XCConfigurationList;
			buildConfigurations = (
				E6998C871B6852BE0018AFFC /* Debug */,
				E6998C881B6852BE0018AFFC /* Release */,
			);
			defaultConfigurationIsVisible = 0;
			defaultConfigurationName = Release;
		};
		E6A2960B1C10D33800F82D06 /* Build configuration list for PBXNativeTarget "libFABOperation" */ = {
			isa = XCConfigurationList;
			buildConfigurations = (
				E6A296091C10D33800F82D06 /* Debug */,
				E6A2960A1C10D33800F82D06 /* Release */,
			);
			defaultConfigurationIsVisible = 0;
			defaultConfigurationName = Release;
		};
		E6B5657A1C2629E0003D4AC4 /* Build configuration list for PBXNativeTarget "FABOperationDemo" */ = {
			isa = XCConfigurationList;
			buildConfigurations = (
				E6B565781C2629E0003D4AC4 /* Debug */,
				E6B565791C2629E0003D4AC4 /* Release */,
			);
			defaultConfigurationIsVisible = 0;
			defaultConfigurationName = Release;
		};
		E6EC416A1C3C51D70099366E /* Build configuration list for PBXNativeTarget "SmokeTest-iOS" */ = {
			isa = XCConfigurationList;
			buildConfigurations = (
				E6EC416B1C3C51D70099366E /* Debug */,
				E6EC416C1C3C51D70099366E /* Release */,
			);
			defaultConfigurationIsVisible = 0;
			defaultConfigurationName = Release;
		};
		E6EC41B41C3C51FF0099366E /* Build configuration list for PBXNativeTarget "SmokeTest-tvOS" */ = {
			isa = XCConfigurationList;
			buildConfigurations = (
				E6EC41B51C3C51FF0099366E /* Debug */,
				E6EC41B61C3C51FF0099366E /* Release */,
			);
			defaultConfigurationIsVisible = 0;
			defaultConfigurationName = Release;
		};
		E6EC41C91C3C520D0099366E /* Build configuration list for PBXNativeTarget "SmokeTest-OSX" */ = {
			isa = XCConfigurationList;
			buildConfigurations = (
				E6EC41CA1C3C520D0099366E /* Debug */,
				E6EC41CB1C3C520D0099366E /* Release */,
			);
			defaultConfigurationIsVisible = 0;
			defaultConfigurationName = Release;
		};
/* End XCConfigurationList section */
	};
	rootObject = E6998C641B6852BE0018AFFC /* Project object */;
}
